
Microsoft Visual Studio Solution File, Format Version 12.00
# Visual Studio 14
VisualStudioVersion = 14.0.24720.0
MinimumVisualStudioVersion = 10.0.40219.1
Project("{FAE04EC0-301F-11D3-BF4B-00C04F79EFBC}") = "WebApplication", "WebApplication\WebApplication.csproj", "{E00C53FD-DFE1-409E-99F1-16DA10866991}"
EndProject
Project("{FAE04EC0-301F-11D3-BF4B-00C04F79EFBC}") = "DomainModel", "DomainModel\DomainModel.csproj", "{896E810B-AB39-4C25-A66C-2262145E9639}"
EndProject
Project("{FAE04EC0-301F-11D3-BF4B-00C04F79EFBC}") = "MySqlDatabase", "MySqlDatabase\MySqlDatabase.csproj", "{F67DBC12-7FD9-4711-A82F-BA7CDC0A69FD}"
EndProject
Project("{FAE04EC0-301F-11D3-BF4B-00C04F79EFBC}") = "DataAccessLayer", "DataAccessLayer\DataAccessLayer.csproj", "{CC9970EA-DFF2-4DBD-A20C-C2874194C17E}"
EndProject
Global
	GlobalSection(SolutionConfigurationPlatforms) = preSolution
		Debug|Any CPU = Debug|Any CPU
		Release|Any CPU = Release|Any CPU
	EndGlobalSection
	GlobalSection(ProjectConfigurationPlatforms) = postSolution
		{E00C53FD-DFE1-409E-99F1-16DA10866991}.Debug|Any CPU.ActiveCfg = Debug|Any CPU
		{E00C53FD-DFE1-409E-99F1-16DA10866991}.Debug|Any CPU.Build.0 = Debug|Any CPU
		{E00C53FD-DFE1-409E-99F1-16DA10866991}.Release|Any CPU.ActiveCfg = Release|Any CPU
		{E00C53FD-DFE1-409E-99F1-16DA10866991}.Release|Any CPU.Build.0 = Release|Any CPU
		{896E810B-AB39-4C25-A66C-2262145E9639}.Debug|Any CPU.ActiveCfg = Debug|Any CPU
		{896E810B-AB39-4C25-A66C-2262145E9639}.Debug|Any CPU.Build.0 = Debug|Any CPU
		{896E810B-AB39-4C25-A66C-2262145E9639}.Release|Any CPU.ActiveCfg = Release|Any CPU
		{896E810B-AB39-4C25-A66C-2262145E9639}.Release|Any CPU.Build.0 = Release|Any CPU
		{F67DBC12-7FD9-4711-A82F-BA7CDC0A69FD}.Debug|Any CPU.ActiveCfg = Debug|Any CPU
		{F67DBC12-7FD9-4711-A82F-BA7CDC0A69FD}.Debug|Any CPU.Build.0 = Debug|Any CPU
		{F67DBC12-7FD9-4711-A82F-BA7CDC0A69FD}.Release|Any CPU.ActiveCfg = Release|Any CPU
		{F67DBC12-7FD9-4711-A82F-BA7CDC0A69FD}.Release|Any CPU.Build.0 = Release|Any CPU
		{CC9970EA-DFF2-4DBD-A20C-C2874194C17E}.Debug|Any CPU.ActiveCfg = Debug|Any CPU
		{CC9970EA-DFF2-4DBD-A20C-C2874194C17E}.Debug|Any CPU.Build.0 = Debug|Any CPU
		{CC9970EA-DFF2-4DBD-A20C-C2874194C17E}.Release|Any CPU.ActiveCfg = Release|Any CPU
		{CC9970EA-DFF2-4DBD-A20C-C2874194C17E}.Release|Any CPU.Build.0 = Release|Any CPU
	EndGlobalSection
	GlobalSection(SolutionProperties) = preSolution
		HideSolutionNode = FALSE
	EndGlobalSection
EndGlobal
